
Microsoft Visual Studio Solution File, Format Version 12.00
# Visual Studio Version 17
VisualStudioVersion = 17.6.33723.286
MinimumVisualStudioVersion = 10.0.40219.1
Project("{8BC9CEB8-8B4A-11D0-8D11-00A0C91BC942}") = "ArrayCopy", "ArrayCopy\ArrayCopy.vcxproj", "{FCEC6180-8527-435E-9519-23381999DB1F}"
EndProject
Global
	GlobalSection(SolutionConfigurationPlatforms) = preSolution
		Debug|x64 = Debug|x64
		Debug|x86 = Debug|x86
		Release|x64 = Release|x64
		Release|x86 = Release|x86
	EndGlobalSection
	GlobalSection(ProjectConfigurationPlatforms) = postSolution
		{FCEC6180-8527-435E-9519-23381999DB1F}.Debug|x64.ActiveCfg = Debug|x64
		{FCEC6180-8527-435E-9519-23381999DB1F}.Debug|x64.Build.0 = Debug|x64
		{FCEC6180-8527-435E-9519-23381999DB1F}.Debug|x86.ActiveCfg = Debug|Win32
		{FCEC6180-8527-435E-9519-23381999DB1F}.Debug|x86.Build.0 = Debug|Win32
		{FCEC6180-8527-435E-9519-23381999DB1F}.Release|x64.ActiveCfg = Release|x64
		{FCEC6180-8527-435E-9519-23381999DB1F}.Release|x64.Build.0 = Release|x64
		{FCEC6180-8527-435E-9519-23381999DB1F}.Release|x86.ActiveCfg = Release|Win32
		{FCEC6180-8527-435E-9519-23381999DB1F}.Release|x86.Build.0 = Release|Win32
	EndGlobalSection
	GlobalSection(SolutionProperties) = preSolution
		HideSolutionNode = FALSE
	EndGlobalSection
	GlobalSection(ExtensibilityGlobals) = postSolution
		SolutionGuid = {EC233497-8193-42E2-8B62-EDB4F0B36A57}
	EndGlobalSection
EndGlobal
